
Microsoft Visual Studio Solution File, Format Version 12.00
# Visual Studio Version 17
VisualStudioVersion = 17.4.33110.190
MinimumVisualStudioVersion = 10.0.40219.1
Project("{9A19103F-16F7-4668-BE54-9A1E7A4F7556}") = "eapi", "eapi\eapi.csproj", "{04A0DCEF-9DBA-421E-88B2-0F2613067ABF}"
EndProject
Project("{9A19103F-16F7-4668-BE54-9A1E7A4F7556}") = "AgilityFramework.ConsulClientExtend", "AgilityFramework.ConsulClientExtend\AgilityFramework.ConsulClientExtend.csproj", "{3E54BC09-A7C2-4400-80AD-D8CAC88B1ABF}"
EndProject
Project("{FAE04EC0-301F-11D3-BF4B-00C04F79EFBC}") = "eapiGateway", "eapiGateway\eapiGateway.csproj", "{C1ECAC6C-ABB9-4F28-95F5-8D3B686F6A91}"
EndProject
Global
	GlobalSection(SolutionConfigurationPlatforms) = preSolution
		Debug|Any CPU = Debug|Any CPU
		Release|Any CPU = Release|Any CPU
	EndGlobalSection
	GlobalSection(ProjectConfigurationPlatforms) = postSolution
		{04A0DCEF-9DBA-421E-88B2-0F2613067ABF}.Debug|Any CPU.ActiveCfg = Debug|Any CPU
		{04A0DCEF-9DBA-421E-88B2-0F2613067ABF}.Debug|Any CPU.Build.0 = Debug|Any CPU
		{04A0DCEF-9DBA-421E-88B2-0F2613067ABF}.Release|Any CPU.ActiveCfg = Release|Any CPU
		{04A0DCEF-9DBA-421E-88B2-0F2613067ABF}.Release|Any CPU.Build.0 = Release|Any CPU
		{3E54BC09-A7C2-4400-80AD-D8CAC88B1ABF}.Debug|Any CPU.ActiveCfg = Debug|Any CPU
		{3E54BC09-A7C2-4400-80AD-D8CAC88B1ABF}.Debug|Any CPU.Build.0 = Debug|Any CPU
		{3E54BC09-A7C2-4400-80AD-D8CAC88B1ABF}.Release|Any CPU.ActiveCfg = Release|Any CPU
		{3E54BC09-A7C2-4400-80AD-D8CAC88B1ABF}.Release|Any CPU.Build.0 = Release|Any CPU
		{C1ECAC6C-ABB9-4F28-95F5-8D3B686F6A91}.Debug|Any CPU.ActiveCfg = Debug|Any CPU
		{C1ECAC6C-ABB9-4F28-95F5-8D3B686F6A91}.Debug|Any CPU.Build.0 = Debug|Any CPU
		{C1ECAC6C-ABB9-4F28-95F5-8D3B686F6A91}.Release|Any CPU.ActiveCfg = Release|Any CPU
		{C1ECAC6C-ABB9-4F28-95F5-8D3B686F6A91}.Release|Any CPU.Build.0 = Release|Any CPU
	EndGlobalSection
	GlobalSection(SolutionProperties) = preSolution
		HideSolutionNode = FALSE
	EndGlobalSection
	GlobalSection(ExtensibilityGlobals) = postSolution
		SolutionGuid = {D0AA4716-DE2C-4246-A457-EF5D377BE9FC}
	EndGlobalSection
EndGlobal
